{
  "name": "tzcron",
  "version": "1.0.0",
  "lockfileVersion": 1,
  "requires": true,
  "dependencies": {
    "node-datetime": {
      "version": "2.1.2",
      "resolved": "https://registry.npmjs.org/node-datetime/-/node-datetime-2.1.2.tgz",
      "integrity": "sha512-eev1F0IPKSu3zvASMtH8ic4znGpfXdq9yc8yc/EVx6bk57u7bS2iZKVZ8ll1ZeH/IEQ3qFb04FB70PCNXSIp4w=="
    },
    "tzinfo": {
      "version": "0.5.1",
      "resolved": "https://registry.npmjs.org/tzinfo/-/tzinfo-0.5.1.tgz",
      "integrity": "sha512-aNxHglCkkP2txU6Xh6ywFdxoHEHeGsVASyvezNS/urbCcRSPjTzB64aB/axMzr1gRbsJDs1iQV3gAAq/08WlZA=="
    }
  }
}
